
Microsoft Visual Studio Solution File, Format Version 12.00
# Visual Studio Version 18
VisualStudioVersion = 18.3.11512.155
MinimumVisualStudioVersion = 10.0.40219.1
Project("{2150E333-8FDC-42A3-9474-1A3956D46DE8}") = "src", "src", "{827E0CD3-B72D-47B6-A68D-7590B98EB39B}"
EndProject
Project("{FAE04EC0-301F-11D3-BF4B-00C04F79EFBC}") = "API", "src\API\API.csproj", "{EDE729B2-3566-45E6-84A7-A891483AF015}"
EndProject
Project("{FAE04EC0-301F-11D3-BF4B-00C04F79EFBC}") = "Application", "src\Application\Application.csproj", "{7C53E7D5-4EC6-41B1-BE2A-72283EF41E7A}"
EndProject
Project("{FAE04EC0-301F-11D3-BF4B-00C04F79EFBC}") = "Infrastructure", "src\Infrastructure\Infrastructure.csproj", "{81A6DE5D-25A5-4B9B-BE5F-9342F3A1241C}"
EndProject
Project("{FAE04EC0-301F-11D3-BF4B-00C04F79EFBC}") = "Domain", "src\Domain\Domain.csproj", "{77DB7028-3B35-4525-94E8-B7F82AFB6505}"
EndProject
Project("{2150E333-8FDC-42A3-9474-1A3956D46DE8}") = "tests", "tests", "{0AB3BF05-4346-4AA6-1389-037BE0695223}"
EndProject
Project("{FAE04EC0-301F-11D3-BF4B-00C04F79EFBC}") = "UnitTests", "tests\UnitTests\UnitTests.csproj", "{D6E2ABBE-687E-46B9-B143-E13BBFC55E2F}"
EndProject
Project("{FAE04EC0-301F-11D3-BF4B-00C04F79EFBC}") = "IntegrationTests", "tests\IntegrationTests\IntegrationTests.csproj", "{53EEAD7B-EF47-47E4-9802-7092849C93B8}"
EndProject
Global
	GlobalSection(SolutionConfigurationPlatforms) = preSolution
		Debug|Any CPU = Debug|Any CPU
		Debug|x64 = Debug|x64
		Debug|x86 = Debug|x86
		Release|Any CPU = Release|Any CPU
		Release|x64 = Release|x64
		Release|x86 = Release|x86
	EndGlobalSection
	GlobalSection(ProjectConfigurationPlatforms) = postSolution
		{EDE729B2-3566-45E6-84A7-A891483AF015}.Debug|Any CPU.ActiveCfg = Debug|Any CPU
		{EDE729B2-3566-45E6-84A7-A891483AF015}.Debug|Any CPU.Build.0 = Debug|Any CPU
		{EDE729B2-3566-45E6-84A7-A891483AF015}.Debug|x64.ActiveCfg = Debug|Any CPU
		{EDE729B2-3566-45E6-84A7-A891483AF015}.Debug|x64.Build.0 = Debug|Any CPU
		{EDE729B2-3566-45E6-84A7-A891483AF015}.Debug|x86.ActiveCfg = Debug|Any CPU
		{EDE729B2-3566-45E6-84A7-A891483AF015}.Debug|x86.Build.0 = Debug|Any CPU
		{EDE729B2-3566-45E6-84A7-A891483AF015}.Release|Any CPU.ActiveCfg = Release|Any CPU
		{EDE729B2-3566-45E6-84A7-A891483AF015}.Release|Any CPU.Build.0 = Release|Any CPU
		{EDE729B2-3566-45E6-84A7-A891483AF015}.Release|x64.ActiveCfg = Release|Any CPU
		{EDE729B2-3566-45E6-84A7-A891483AF015}.Release|x64.Build.0 = Release|Any CPU
		{EDE729B2-3566-45E6-84A7-A891483AF015}.Release|x86.ActiveCfg = Release|Any CPU
		{EDE729B2-3566-45E6-84A7-A891483AF015}.Release|x86.Build.0 = Release|Any CPU
		{7C53E7D5-4EC6-41B1-BE2A-72283EF41E7A}.Debug|Any CPU.ActiveCfg = Debug|Any CPU
		{7C53E7D5-4EC6-41B1-BE2A-72283EF41E7A}.Debug|Any CPU.Build.0 = Debug|Any CPU
		{7C53E7D5-4EC6-41B1-BE2A-72283EF41E7A}.Debug|x64.ActiveCfg = Debug|Any CPU
		{7C53E7D5-4EC6-41B1-BE2A-72283EF41E7A}.Debug|x64.Build.0 = Debug|Any CPU
		{7C53E7D5-4EC6-41B1-BE2A-72283EF41E7A}.Debug|x86.ActiveCfg = Debug|Any CPU
		{7C53E7D5-4EC6-41B1-BE2A-72283EF41E7A}.Debug|x86.Build.0 = Debug|Any CPU
		{7C53E7D5-4EC6-41B1-BE2A-72283EF41E7A}.Release|Any CPU.ActiveCfg = Release|Any CPU
		{7C53E7D5-4EC6-41B1-BE2A-72283EF41E7A}.Release|Any CPU.Build.0 = Release|Any CPU
		{7C53E7D5-4EC6-41B1-BE2A-72283EF41E7A}.Release|x64.ActiveCfg = Release|Any CPU
		{7C53E7D5-4EC6-41B1-BE2A-72283EF41E7A}.Release|x64.Build.0 = Release|Any CPU
		{7C53E7D5-4EC6-41B1-BE2A-72283EF41E7A}.Release|x86.ActiveCfg = Release|Any CPU
		{7C53E7D5-4EC6-41B1-BE2A-72283EF41E7A}.Release|x86.Build.0 = Release|Any CPU
		{81A6DE5D-25A5-4B9B-BE5F-9342F3A1241C}.Debug|Any CPU.ActiveCfg = Debug|Any CPU
		{81A6DE5D-25A5-4B9B-BE5F-9342F3A1241C}.Debug|Any CPU.Build.0 = Debug|Any CPU
		{81A6DE5D-25A5-4B9B-BE5F-9342F3A1241C}.Debug|x64.ActiveCfg = Debug|Any CPU
		{81A6DE5D-25A5-4B9B-BE5F-9342F3A1241C}.Debug|x64.Build.0 = Debug|Any CPU
		{81A6DE5D-25A5-4B9B-BE5F-9342F3A1241C}.Debug|x86.ActiveCfg = Debug|Any CPU
		{81A6DE5D-25A5-4B9B-BE5F-9342F3A1241C}.Debug|x86.Build.0 = Debug|Any CPU
		{81A6DE5D-25A5-4B9B-BE5F-9342F3A1241C}.Release|Any CPU.ActiveCfg = Release|Any CPU
		{81A6DE5D-25A5-4B9B-BE5F-9342F3A1241C}.Release|Any CPU.Build.0 = Release|Any CPU
		{81A6DE5D-25A5-4B9B-BE5F-9342F3A1241C}.Release|x64.ActiveCfg = Release|Any CPU
		{81A6DE5D-25A5-4B9B-BE5F-9342F3A1241C}.Release|x64.Build.0 = Release|Any CPU
		{81A6DE5D-25A5-4B9B-BE5F-9342F3A1241C}.Release|x86.ActiveCfg = Release|Any CPU
		{81A6DE5D-25A5-4B9B-BE5F-9342F3A1241C}.Release|x86.Build.0 = Release|Any CPU
		{77DB7028-3B35-4525-94E8-B7F82AFB6505}.Debug|Any CPU.ActiveCfg = Debug|Any CPU
		{77DB7028-3B35-4525-94E8-B7F82AFB6505}.Debug|Any CPU.Build.0 = Debug|Any CPU
		{77DB7028-3B35-4525-94E8-B7F82AFB6505}.Debug|x64.ActiveCfg = Debug|Any CPU
		{77DB7028-3B35-4525-94E8-B7F82AFB6505}.Debug|x64.Build.0 = Debug|Any CPU
		{77DB7028-3B35-4525-94E8-B7F82AFB6505}.Debug|x86.ActiveCfg = Debug|Any CPU
		{77DB7028-3B35-4525-94E8-B7F82AFB6505}.Debug|x86.Build.0 = Debug|Any CPU
		{77DB7028-3B35-4525-94E8-B7F82AFB6505}.Release|Any CPU.ActiveCfg = Release|Any CPU
		{77DB7028-3B35-4525-94E8-B7F82AFB6505}.Release|Any CPU.Build.0 = Release|Any CPU
		{77DB7028-3B35-4525-94E8-B7F82AFB6505}.Release|x64.ActiveCfg = Release|Any CPU
		{77DB7028-3B35-4525-94E8-B7F82AFB6505}.Release|x64.Build.0 = Release|Any CPU
		{77DB7028-3B35-4525-94E8-B7F82AFB6505}.Release|x86.ActiveCfg = Release|Any CPU
		{77DB7028-3B35-4525-94E8-B7F82AFB6505}.Release|x86.Build.0 = Release|Any CPU
		{D6E2ABBE-687E-46B9-B143-E13BBFC55E2F}.Debug|Any CPU.ActiveCfg = Debug|Any CPU
		{D6E2ABBE-687E-46B9-B143-E13BBFC55E2F}.Debug|Any CPU.Build.0 = Debug|Any CPU
		{D6E2ABBE-687E-46B9-B143-E13BBFC55E2F}.Debug|x64.ActiveCfg = Debug|Any CPU
		{D6E2ABBE-687E-46B9-B143-E13BBFC55E2F}.Debug|x64.Build.0 = Debug|Any CPU
		{D6E2ABBE-687E-46B9-B143-E13BBFC55E2F}.Debug|x86.ActiveCfg = Debug|Any CPU
		{D6E2ABBE-687E-46B9-B143-E13BBFC55E2F}.Debug|x86.Build.0 = Debug|Any CPU
		{D6E2ABBE-687E-46B9-B143-E13BBFC55E2F}.Release|Any CPU.ActiveCfg = Release|Any CPU
		{D6E2ABBE-687E-46B9-B143-E13BBFC55E2F}.Release|Any CPU.Build.0 = Release|Any CPU
		{D6E2ABBE-687E-46B9-B143-E13BBFC55E2F}.Release|x64.ActiveCfg = Release|Any CPU
		{D6E2ABBE-687E-46B9-B143-E13BBFC55E2F}.Release|x64.Build.0 = Release|Any CPU
		{D6E2ABBE-687E-46B9-B143-E13BBFC55E2F}.Release|x86.ActiveCfg = Release|Any CPU
		{D6E2ABBE-687E-46B9-B143-E13BBFC55E2F}.Release|x86.Build.0 = Release|Any CPU
		{53EEAD7B-EF47-47E4-9802-7092849C93B8}.Debug|Any CPU.ActiveCfg = Debug|Any CPU
		{53EEAD7B-EF47-47E4-9802-7092849C93B8}.Debug|Any CPU.Build.0 = Debug|Any CPU
		{53EEAD7B-EF47-47E4-9802-7092849C93B8}.Debug|x64.ActiveCfg = Debug|Any CPU
		{53EEAD7B-EF47-47E4-9802-7092849C93B8}.Debug|x64.Build.0 = Debug|Any CPU
		{53EEAD7B-EF47-47E4-9802-7092849C93B8}.Debug|x86.ActiveCfg = Debug|Any CPU
		{53EEAD7B-EF47-47E4-9802-7092849C93B8}.Debug|x86.Build.0 = Debug|Any CPU
		{53EEAD7B-EF47-47E4-9802-7092849C93B8}.Release|Any CPU.ActiveCfg = Release|Any CPU
		{53EEAD7B-EF47-47E4-9802-7092849C93B8}.Release|Any CPU.Build.0 = Release|Any CPU
		{53EEAD7B-EF47-47E4-9802-7092849C93B8}.Release|x64.ActiveCfg = Release|Any CPU
		{53EEAD7B-EF47-47E4-9802-7092849C93B8}.Release|x64.Build.0 = Release|Any CPU
		{53EEAD7B-EF47-47E4-9802-7092849C93B8}.Release|x86.ActiveCfg = Release|Any CPU
		{53EEAD7B-EF47-47E4-9802-7092849C93B8}.Release|x86.Build.0 = Release|Any CPU
	EndGlobalSection
	GlobalSection(SolutionProperties) = preSolution
		HideSolutionNode = FALSE
	EndGlobalSection
	GlobalSection(NestedProjects) = preSolution
		{EDE729B2-3566-45E6-84A7-A891483AF015} = {827E0CD3-B72D-47B6-A68D-7590B98EB39B}
		{7C53E7D5-4EC6-41B1-BE2A-72283EF41E7A} = {827E0CD3-B72D-47B6-A68D-7590B98EB39B}
		{81A6DE5D-25A5-4B9B-BE5F-9342F3A1241C} = {827E0CD3-B72D-47B6-A68D-7590B98EB39B}
		{77DB7028-3B35-4525-94E8-B7F82AFB6505} = {827E0CD3-B72D-47B6-A68D-7590B98EB39B}
		{D6E2ABBE-687E-46B9-B143-E13BBFC55E2F} = {0AB3BF05-4346-4AA6-1389-037BE0695223}
		{53EEAD7B-EF47-47E4-9802-7092849C93B8} = {0AB3BF05-4346-4AA6-1389-037BE0695223}
	EndGlobalSection
	GlobalSection(ExtensibilityGlobals) = postSolution
		SolutionGuid = {D776B323-EE35-4AD5-A45D-825CF1292B6E}
	EndGlobalSection
EndGlobal
